
Microsoft Visual Studio Solution File, Format Version 12.00
# Visual Studio Version 16
VisualStudioVersion = 16.0.30413.136
MinimumVisualStudioVersion = 10.0.40219.1
Project("{FAE04EC0-301F-11D3-BF4B-00C04F79EFBC}") = "BaseballApp", "BaseballApp\BaseballApp.csproj", "{146780B8-F1E3-4964-80D5-DA6899010A56}"
EndProject
Global
	GlobalSection(SolutionConfigurationPlatforms) = preSolution
		Debug|Any CPU = Debug|Any CPU
		Release|Any CPU = Release|Any CPU
	EndGlobalSection
	GlobalSection(ProjectConfigurationPlatforms) = postSolution
		{146780B8-F1E3-4964-80D5-DA6899010A56}.Debug|Any CPU.ActiveCfg = Debug|Any CPU
		{146780B8-F1E3-4964-80D5-DA6899010A56}.Debug|Any CPU.Build.0 = Debug|Any CPU
		{146780B8-F1E3-4964-80D5-DA6899010A56}.Release|Any CPU.ActiveCfg = Release|Any CPU
		{146780B8-F1E3-4964-80D5-DA6899010A56}.Release|Any CPU.Build.0 = Release|Any CPU
	EndGlobalSection
	GlobalSection(SolutionProperties) = preSolution
		HideSolutionNode = FALSE
	EndGlobalSection
	GlobalSection(ExtensibilityGlobals) = postSolution
		SolutionGuid = {CA4B0C34-2FD7-4662-BACF-41C4CD2B5F41}
	EndGlobalSection
EndGlobal
