
Microsoft Visual Studio Solution File, Format Version 12.00
# Visual Studio Version 16
VisualStudioVersion = 16.0.30413.136
MinimumVisualStudioVersion = 10.0.40219.1
Project("{FAE04EC0-301F-11D3-BF4B-00C04F79EFBC}") = "BaseballApp", "BaseballApp\BaseballApp.csproj", "{787BA1D6-BE7A-4014-B373-1FD0BE39D44E}"
EndProject
Global
	GlobalSection(SolutionConfigurationPlatforms) = preSolution
		Debug|Any CPU = Debug|Any CPU
		Release|Any CPU = Release|Any CPU
	EndGlobalSection
	GlobalSection(ProjectConfigurationPlatforms) = postSolution
		{787BA1D6-BE7A-4014-B373-1FD0BE39D44E}.Debug|Any CPU.ActiveCfg = Debug|Any CPU
		{787BA1D6-BE7A-4014-B373-1FD0BE39D44E}.Debug|Any CPU.Build.0 = Debug|Any CPU
		{787BA1D6-BE7A-4014-B373-1FD0BE39D44E}.Release|Any CPU.ActiveCfg = Release|Any CPU
		{787BA1D6-BE7A-4014-B373-1FD0BE39D44E}.Release|Any CPU.Build.0 = Release|Any CPU
	EndGlobalSection
	GlobalSection(SolutionProperties) = preSolution
		HideSolutionNode = FALSE
	EndGlobalSection
	GlobalSection(ExtensibilityGlobals) = postSolution
		SolutionGuid = {E67E3F2A-5BC9-4066-AFA7-8904B275D066}
	EndGlobalSection
EndGlobal
